
Microsoft Visual Studio Solution File, Format Version 12.00
# Visual Studio Version 16
VisualStudioVersion = 16.0.31624.102
MinimumVisualStudioVersion = 10.0.40219.1
Project("{9A19103F-16F7-4668-BE54-9A1E7A4F7556}") = "testRabbitMq", "testRabbitMq.csproj", "{08AA0680-6C9A-4DAD-BB15-F96DEE88A03F}"
EndProject
Project("{9A19103F-16F7-4668-BE54-9A1E7A4F7556}") = "Worker", "..\Worker\Worker.csproj", "{D5472017-871A-4C98-A483-2BC8338A0D97}"
EndProject
Project("{FAE04EC0-301F-11D3-BF4B-00C04F79EFBC}") = "EntitiesForRabbitMq", "..\Entities\EntitiesForRabbitMq.csproj", "{F5379D71-CCCD-4153-9227-E559E75A1200}"
EndProject
Global
	GlobalSection(SolutionConfigurationPlatforms) = preSolution
		Debug|Any CPU = Debug|Any CPU
		Release|Any CPU = Release|Any CPU
	EndGlobalSection
	GlobalSection(ProjectConfigurationPlatforms) = postSolution
		{08AA0680-6C9A-4DAD-BB15-F96DEE88A03F}.Debug|Any CPU.ActiveCfg = Debug|Any CPU
		{08AA0680-6C9A-4DAD-BB15-F96DEE88A03F}.Debug|Any CPU.Build.0 = Debug|Any CPU
		{08AA0680-6C9A-4DAD-BB15-F96DEE88A03F}.Release|Any CPU.ActiveCfg = Release|Any CPU
		{08AA0680-6C9A-4DAD-BB15-F96DEE88A03F}.Release|Any CPU.Build.0 = Release|Any CPU
		{D5472017-871A-4C98-A483-2BC8338A0D97}.Debug|Any CPU.ActiveCfg = Debug|Any CPU
		{D5472017-871A-4C98-A483-2BC8338A0D97}.Debug|Any CPU.Build.0 = Debug|Any CPU
		{D5472017-871A-4C98-A483-2BC8338A0D97}.Release|Any CPU.ActiveCfg = Release|Any CPU
		{D5472017-871A-4C98-A483-2BC8338A0D97}.Release|Any CPU.Build.0 = Release|Any CPU
		{F5379D71-CCCD-4153-9227-E559E75A1200}.Debug|Any CPU.ActiveCfg = Debug|Any CPU
		{F5379D71-CCCD-4153-9227-E559E75A1200}.Debug|Any CPU.Build.0 = Debug|Any CPU
		{F5379D71-CCCD-4153-9227-E559E75A1200}.Release|Any CPU.ActiveCfg = Release|Any CPU
		{F5379D71-CCCD-4153-9227-E559E75A1200}.Release|Any CPU.Build.0 = Release|Any CPU
	EndGlobalSection
	GlobalSection(SolutionProperties) = preSolution
		HideSolutionNode = FALSE
	EndGlobalSection
	GlobalSection(ExtensibilityGlobals) = postSolution
		SolutionGuid = {D4D0FCA7-5CDD-42E5-9531-52F81186E300}
	EndGlobalSection
EndGlobal
